{
    "_readme": [
        "This file locks the dependencies of your project to a known state",
        "Read more about it at http://getcomposer.org/doc/01-basic-usage.md#composer-lock-the-lock-file"
    ],
    "hash": "3f2f2847066dbc623777df2f0d1fd641",
    "packages": [
        {
            "name": "react/partial",
            "version": "v2.0.0",
            "source": {
                "type": "git",
                "url": "https://github.com/reactphp/partial.git",
                "reference": "5ff119c3b708cab6119713f9142f2fb0aed54bfc"
            },
            "dist": {
                "type": "zip",
                "url": "https://api.github.com/repos/reactphp/partial/zipball/5ff119c3b708cab6119713f9142f2fb0aed54bfc",
                "reference": "5ff119c3b708cab6119713f9142f2fb0aed54bfc",
                "shasum": ""
            },
            "require": {
                "php": ">=5.3.2"
            },
            "type": "library",
            "extra": {
                "branch-alias": {
                    "dev-master": "2.0-dev"
                }
            },
            "autoload": {
                "psr-0": {
                    "React\\Partial": "src"
                },
                "files": [
                    "src/React/Partial/functions.php"
                ]
            },
            "notification-url": "https://packagist.org/downloads/",
            "license": [
                "MIT"
            ],
            "description": "Partial function application.",
            "keywords": [
                "functional-programming",
                "partial"
            ],
            "time": "2013-08-30 19:35:50"
        }
    ],
    "packages-dev": [
        {
            "name": "ruflin/elastica",
            "version": "v0.90.10.0",
            "source": {
                "type": "git",
                "url": "https://github.com/ruflin/Elastica.git",
                "reference": "bb03eb21b96ea88fc6fefb97a7b2c2d7708fdfe2"
            },
            "dist": {
                "type": "zip",
                "url": "https://api.github.com/repos/ruflin/Elastica/zipball/bb03eb21b96ea88fc6fefb97a7b2c2d7708fdfe2",
                "reference": "bb03eb21b96ea88fc6fefb97a7b2c2d7708fdfe2",
                "shasum": ""
            },
            "require": {
                "php": ">=5.3.3"
            },
            "require-dev": {
                "munkie/elasticsearch-thrift-php": "1.4.*",
                "psr/log": "~1.0",
                "satooshi/php-coveralls": "dev-master"
            },
            "suggest": {
                "monolog/monolog": "Logging request",
                "munkie/elasticsearch-thrift-php": "Allow using thrift transport",
                "psr/log": "for logging"
            },
            "type": "library",
            "autoload": {
                "psr-0": {
                    "Elastica": "lib/",
                    "Elastica\\Test": "test/lib/"
                }
            },
            "notification-url": "https://packagist.org/downloads/",
            "license": [
                "Apache 2.0"
            ],
            "authors": [
                {
                    "name": "Nicolas Ruflin",
                    "homepage": "http://ruflin.com/"
                }
            ],
            "description": "Elasticsearch Client",
            "homepage": "http://elastica.io/",
            "keywords": [
                "client",
                "search"
            ],
            "time": "2014-02-02 07:44:29"
        }
    ],
    "aliases": [

    ],
    "minimum-stability": "stable",
    "stability-flags": [

    ],
    "platform": {
        "php": ">=5.5.0"
    },
    "platform-dev": [

    ]
}
